<?xml version="1.0" encoding="utf-8"?>
<Project ToolsVersion="4.0" xmlns="http://schemas.microsoft.com/developer/msbuild/2003">
  <ItemGroup>
    <Filter Include="ソース ファイル">
      <UniqueIdentifier>{4FC737F1-C7A5-4376-A066-2A32D752A2FF}</UniqueIdentifier>
      <Extensions>cpp;c;cc;cxx;c++;cppm;ixx;def;odl;idl;hpj;bat;asm;asmx</Extensions>
    </Filter>
    <Filter Include="ヘッダー ファイル">
      <UniqueIdentifier>{93995380-89BD-4b04-88EB-625FBE52EBFB}</UniqueIdentifier>
      <Extensions>h;hh;hpp;hxx;h++;hm;inl;inc;ipp;xsd</Extensions>
    </Filter>
    <Filter Include="リソース ファイル">
      <UniqueIdentifier>{67DA6AB6-F800-4c08-8B7A-83BB121AAD01}</UniqueIdentifier>
      <Extensions>rc;ico;cur;bmp;dlg;rc2;rct;bin;rgs;gif;jpg;jpeg;jpe;resx;tiff;tif;png;wav;mfcribbon-ms</Extensions>
    </Filter>
    <Filter Include="user">
      <UniqueIdentifier>{68a611a2-871c-4f29-8856-8b447ee7365f}</UniqueIdentifier>
    </Filter>
  </ItemGroup>
  <ItemGroup>
    <ClCompile Include="thirdparty\qcustomplot\qcustomplot.cpp">
      <Filter>ソース ファイル</Filter>
    </ClCompile>
    <ClCompile Include="Private\ADXLipModel.cpp">
      <Filter>ソース ファイル</Filter>
    </ClCompile>
    <ClCompile Include="Private\JuliusAnalyzeWindow.cpp">
      <Filter>ソース ファイル</Filter>
    </ClCompile>
    <ClCompile Include="Private\main.cpp">
      <Filter>ソース ファイル</Filter>
    </ClCompile>
    <ClCompile Include="Private\NoCommitDelegate.cpp">
      <Filter>ソース ファイル</Filter>
    </ClCompile>
    <ClCompile Include="Private\WaveformWidget.cpp">
      <Filter>ソース ファイル</Filter>
    </ClCompile>
  </ItemGroup>
  <ItemGroup>
    <QtMoc Include="thirdparty\qcustomplot\qcustomplot.h">
      <Filter>ヘッダー ファイル</Filter>
    </QtMoc>
    <QtMoc Include="Public\ADXLipModel.h">
      <Filter>ヘッダー ファイル</Filter>
    </QtMoc>
    <QtMoc Include="Public\JuliusAnalyzeWindow.h">
      <Filter>ヘッダー ファイル</Filter>
    </QtMoc>
    <QtMoc Include="Public\NoCommitDelegate.h">
      <Filter>ヘッダー ファイル</Filter>
    </QtMoc>
    <QtMoc Include="Public\WaveformWidget.h">
      <Filter>ヘッダー ファイル</Filter>
    </QtMoc>
  </ItemGroup>
  <ItemGroup>
    <None Include="thirdparty\dictation-kit\main.jconf" />
    <None Include="extra.jconf" />
    <None Include="user\user.dic">
      <Filter>user</Filter>
    </None>
  </ItemGroup>
</Project>